# This file is automatically @generated by Cargo.
# It is not intended for manual editing.
[[package]]
name = "bytesize"
version = "1.0.1"
source = "registry+https://github.com/rust-lang/crates.io-index"
checksum = "81a18687293a1546b67c246452202bbbf143d239cb43494cc163da14979082da"

[[package]]
name = "seek"
version = "0.1.0"
dependencies = [
 "bytesize",
]
